
Microsoft Visual Studio Solution File, Format Version 12.00
# Visual Studio Version 17
VisualStudioVersion = 17.0.31903.59
MinimumVisualStudioVersion = 10.0.40219.1
Project("{2150E333-8FDC-42A3-9474-1A3956D46DE8}") = "src", "src", "{C0B303A2-0439-491E-9D0D-D4CC315B4D0E}"
EndProject
Project("{FAE04EC0-301F-11D3-BF4B-00C04F79EFBC}") = "Publisher", "src\Publisher\Publisher.csproj", "{B0BFDEB3-D2E0-4E30-84B4-6C04917907F4}"
EndProject
Project("{FAE04EC0-301F-11D3-BF4B-00C04F79EFBC}") = "Consumer", "src\Consumer\Consumer.csproj", "{2912528A-69F2-4D88-B658-318DC3E69F6D}"
EndProject
Global
	GlobalSection(SolutionConfigurationPlatforms) = preSolution
		Debug|Any CPU = Debug|Any CPU
		Release|Any CPU = Release|Any CPU
	EndGlobalSection
	GlobalSection(SolutionProperties) = preSolution
		HideSolutionNode = FALSE
	EndGlobalSection
	GlobalSection(ProjectConfigurationPlatforms) = postSolution
		{B0BFDEB3-D2E0-4E30-84B4-6C04917907F4}.Debug|Any CPU.ActiveCfg = Debug|Any CPU
		{B0BFDEB3-D2E0-4E30-84B4-6C04917907F4}.Debug|Any CPU.Build.0 = Debug|Any CPU
		{B0BFDEB3-D2E0-4E30-84B4-6C04917907F4}.Release|Any CPU.ActiveCfg = Release|Any CPU
		{B0BFDEB3-D2E0-4E30-84B4-6C04917907F4}.Release|Any CPU.Build.0 = Release|Any CPU
		{2912528A-69F2-4D88-B658-318DC3E69F6D}.Debug|Any CPU.ActiveCfg = Debug|Any CPU
		{2912528A-69F2-4D88-B658-318DC3E69F6D}.Debug|Any CPU.Build.0 = Debug|Any CPU
		{2912528A-69F2-4D88-B658-318DC3E69F6D}.Release|Any CPU.ActiveCfg = Release|Any CPU
		{2912528A-69F2-4D88-B658-318DC3E69F6D}.Release|Any CPU.Build.0 = Release|Any CPU
	EndGlobalSection
	GlobalSection(NestedProjects) = preSolution
		{B0BFDEB3-D2E0-4E30-84B4-6C04917907F4} = {C0B303A2-0439-491E-9D0D-D4CC315B4D0E}
		{2912528A-69F2-4D88-B658-318DC3E69F6D} = {C0B303A2-0439-491E-9D0D-D4CC315B4D0E}
	EndGlobalSection
EndGlobal
